
Microsoft Visual Studio Solution File, Format Version 12.00
# Visual Studio Version 16
VisualStudioVersion = 16.0.30002.166
MinimumVisualStudioVersion = 10.0.40219.1
Project("{9A19103F-16F7-4668-BE54-9A1E7A4F7556}") = "TweetService", "TweetService\TweetService.csproj", "{B22F3ABD-6A35-4DC7-A12F-B01CEF15E393}"
EndProject
Project("{9A19103F-16F7-4668-BE54-9A1E7A4F7556}") = "Gateway", "Gateway\Gateway.csproj", "{5AD257A2-A46D-4FE7-92E1-1321C2E0468B}"
EndProject
Project("{9A19103F-16F7-4668-BE54-9A1E7A4F7556}") = "Shared", "Shared\Shared.csproj", "{760E06D7-2C71-4A00-A37D-B325F7F873EB}"
EndProject
Project("{E53339B2-1760-4266-BCC7-CA923CBCF16C}") = "docker-compose", "docker-compose.dcproj", "{120937B4-1071-4231-AFC4-54FF62AB074B}"
EndProject
Project("{9A19103F-16F7-4668-BE54-9A1E7A4F7556}") = "AuthenticationService", "AuthenticationService\AuthenticationService.csproj", "{E081A6AF-175D-455D-9D7B-A946996E415B}"
EndProject
Project("{FAE04EC0-301F-11D3-BF4B-00C04F79EFBC}") = "FileManagementService", "FileManagementService\FileManagementService.csproj", "{8F7B78A9-6E9C-487D-91F7-10A0E896E3D6}"
EndProject
Global
	GlobalSection(SolutionConfigurationPlatforms) = preSolution
		Debug|Any CPU = Debug|Any CPU
		Release|Any CPU = Release|Any CPU
	EndGlobalSection
	GlobalSection(ProjectConfigurationPlatforms) = postSolution
		{B22F3ABD-6A35-4DC7-A12F-B01CEF15E393}.Debug|Any CPU.ActiveCfg = Debug|Any CPU
		{B22F3ABD-6A35-4DC7-A12F-B01CEF15E393}.Debug|Any CPU.Build.0 = Debug|Any CPU
		{B22F3ABD-6A35-4DC7-A12F-B01CEF15E393}.Release|Any CPU.ActiveCfg = Release|Any CPU
		{B22F3ABD-6A35-4DC7-A12F-B01CEF15E393}.Release|Any CPU.Build.0 = Release|Any CPU
		{5AD257A2-A46D-4FE7-92E1-1321C2E0468B}.Debug|Any CPU.ActiveCfg = Debug|Any CPU
		{5AD257A2-A46D-4FE7-92E1-1321C2E0468B}.Debug|Any CPU.Build.0 = Debug|Any CPU
		{5AD257A2-A46D-4FE7-92E1-1321C2E0468B}.Release|Any CPU.ActiveCfg = Release|Any CPU
		{5AD257A2-A46D-4FE7-92E1-1321C2E0468B}.Release|Any CPU.Build.0 = Release|Any CPU
		{760E06D7-2C71-4A00-A37D-B325F7F873EB}.Debug|Any CPU.ActiveCfg = Debug|Any CPU
		{760E06D7-2C71-4A00-A37D-B325F7F873EB}.Debug|Any CPU.Build.0 = Debug|Any CPU
		{760E06D7-2C71-4A00-A37D-B325F7F873EB}.Release|Any CPU.ActiveCfg = Release|Any CPU
		{760E06D7-2C71-4A00-A37D-B325F7F873EB}.Release|Any CPU.Build.0 = Release|Any CPU
		{120937B4-1071-4231-AFC4-54FF62AB074B}.Debug|Any CPU.ActiveCfg = Debug|Any CPU
		{120937B4-1071-4231-AFC4-54FF62AB074B}.Debug|Any CPU.Build.0 = Debug|Any CPU
		{120937B4-1071-4231-AFC4-54FF62AB074B}.Release|Any CPU.ActiveCfg = Release|Any CPU
		{120937B4-1071-4231-AFC4-54FF62AB074B}.Release|Any CPU.Build.0 = Release|Any CPU
		{E081A6AF-175D-455D-9D7B-A946996E415B}.Debug|Any CPU.ActiveCfg = Debug|Any CPU
		{E081A6AF-175D-455D-9D7B-A946996E415B}.Debug|Any CPU.Build.0 = Debug|Any CPU
		{E081A6AF-175D-455D-9D7B-A946996E415B}.Release|Any CPU.ActiveCfg = Release|Any CPU
		{E081A6AF-175D-455D-9D7B-A946996E415B}.Release|Any CPU.Build.0 = Release|Any CPU
		{8F7B78A9-6E9C-487D-91F7-10A0E896E3D6}.Debug|Any CPU.ActiveCfg = Debug|Any CPU
		{8F7B78A9-6E9C-487D-91F7-10A0E896E3D6}.Debug|Any CPU.Build.0 = Debug|Any CPU
		{8F7B78A9-6E9C-487D-91F7-10A0E896E3D6}.Release|Any CPU.ActiveCfg = Release|Any CPU
		{8F7B78A9-6E9C-487D-91F7-10A0E896E3D6}.Release|Any CPU.Build.0 = Release|Any CPU
	EndGlobalSection
	GlobalSection(SolutionProperties) = preSolution
		HideSolutionNode = FALSE
	EndGlobalSection
	GlobalSection(ExtensibilityGlobals) = postSolution
		SolutionGuid = {F56E10E7-E708-470D-9B31-35F0A4C1E478}
	EndGlobalSection
EndGlobal
